
Microsoft Visual Studio Solution File, Format Version 12.00
# Visual Studio Version 17
VisualStudioVersion = 17.5.33424.131
MinimumVisualStudioVersion = 10.0.40219.1
Project("{9A19103F-16F7-4668-BE54-9A1E7A4F7556}") = "Calculadora.ConsoleApp", "Calculadora.ConsoleApp\Calculadora.ConsoleApp.csproj", "{04B16DFA-7F7A-4DAD-B0D8-F88E6DF612C8}"
EndProject
Project("{9A19103F-16F7-4668-BE54-9A1E7A4F7556}") = "ListaExercicios1.Exercicio01", "ListaExercicios1.Exercicio01\ListaExercicios1.Exercicio01.csproj", "{CAA9055C-452A-4F35-B4BB-A2D18FAD4214}"
EndProject
Project("{9A19103F-16F7-4668-BE54-9A1E7A4F7556}") = "ListaExercicios1.Exercicio02", "ListaExercicios1.Exercicio02\ListaExercicios1.Exercicio02.csproj", "{82AEC2C3-5A75-47FB-8716-677E525A0187}"
EndProject
Project("{9A19103F-16F7-4668-BE54-9A1E7A4F7556}") = "ListaExercicios1.Exercicio03", "ListaExercicios1.Exercicio03\ListaExercicios1.Exercicio03.csproj", "{568165D1-A157-4038-B55E-1B4F7C068DA2}"
EndProject
Project("{9A19103F-16F7-4668-BE54-9A1E7A4F7556}") = "ListaExercicios1.Exercicio04", "ListaExercicios1.Exercicio04\ListaExercicios1.Exercicio04.csproj", "{DB316168-AE75-4225-96A7-A4D5F87DC6E4}"
EndProject
Project("{9A19103F-16F7-4668-BE54-9A1E7A4F7556}") = "ListaExercicios1.Exercicio05", "ListaExercicios1.Exercicio05\ListaExercicios1.Exercicio05.csproj", "{7A5F2F21-C831-411C-90A4-EFBEA0010169}"
EndProject
Project("{9A19103F-16F7-4668-BE54-9A1E7A4F7556}") = "ListaExercicios1.Exercicio06", "ListaExercicios1.Exercicio06\ListaExercicios1.Exercicio06.csproj", "{EF9C0183-4B0D-4DBF-B155-7C75FF678679}"
EndProject
Project("{9A19103F-16F7-4668-BE54-9A1E7A4F7556}") = "ListaExercicios1.Exercicio07", "ListaExercicios1.Exercicio07\ListaExercicios1.Exercicio07.csproj", "{B6ADDF92-5729-4F20-AAD5-58CBB3490BDD}"
EndProject
Project("{9A19103F-16F7-4668-BE54-9A1E7A4F7556}") = "ListaExercicios1.Exercicio08", "ListaExercicios1.Exercicio08\ListaExercicios1.Exercicio08.csproj", "{F5CDB1EA-6629-40D2-ACDA-EAE9C9C5CBE1}"
EndProject
Project("{9A19103F-16F7-4668-BE54-9A1E7A4F7556}") = "ListaExercicios1.Exercicio09", "ListaExercicios1.Exercicio09\ListaExercicios1.Exercicio09.csproj", "{8BBD939F-4E23-4201-AA55-9C6B167FA6CE}"
EndProject
Project("{9A19103F-16F7-4668-BE54-9A1E7A4F7556}") = "ListaExercicios1.Exercicio10", "ListaExercicios1.Exercicio10\ListaExercicios1.Exercicio10.csproj", "{D77DCEDE-453E-432E-8472-70FF88311F00}"
EndProject
Project("{9A19103F-16F7-4668-BE54-9A1E7A4F7556}") = "ListaExercicios1.Exercicio11", "ListaExercicios1.Exercicio11\ListaExercicios1.Exercicio11.csproj", "{6339A5B8-D9BA-4F4A-A95A-2AE51B9F501B}"
EndProject
Project("{9A19103F-16F7-4668-BE54-9A1E7A4F7556}") = "ListaExercicios1.Exercicio12", "ListaExercicios1.Exercicio12\ListaExercicios1.Exercicio12.csproj", "{DC428D47-E424-4423-99BC-707D79404F20}"
EndProject
Project("{9A19103F-16F7-4668-BE54-9A1E7A4F7556}") = "ListaExercicios1.Exercicio13", "ListaExercicios1.Exercicio13\ListaExercicios1.Exercicio13.csproj", "{A97DE60D-AE98-4A3E-91F0-F7BDAD0691E0}"
EndProject
Project("{9A19103F-16F7-4668-BE54-9A1E7A4F7556}") = "ListaExercicios1.Exercicio15", "ListaExercicios1.Exercicio15\ListaExercicios1.Exercicio15.csproj", "{6F35A024-3CAB-4467-8C7E-E4724DCB89C1}"
EndProject
Project("{9A19103F-16F7-4668-BE54-9A1E7A4F7556}") = "ListaExercicios1.Exercicio16", "ListaExercicios1.Exercicio16\ListaExercicios1.Exercicio16.csproj", "{42DFECEA-3CFE-4D97-A565-7DD18FD4DA79}"
EndProject
Project("{9A19103F-16F7-4668-BE54-9A1E7A4F7556}") = "ListaExercicios1.Exercicio17", "ListaExercicios1.Exercicio17\ListaExercicios1.Exercicio17.csproj", "{CF6FBBD3-1F85-4D08-974C-C6F120AF1647}"
EndProject
Project("{9A19103F-16F7-4668-BE54-9A1E7A4F7556}") = "ListaExercicios1.Exercicio18", "ListaExercicios1.Exercicio18\ListaExercicios1.Exercicio18.csproj", "{FCE79037-11F5-4F94-8A22-72A7B4A66578}"
EndProject
Project("{9A19103F-16F7-4668-BE54-9A1E7A4F7556}") = "ListaExercicios1.Exercicio19", "ListaExercicios1.Exercicio19\ListaExercicios1.Exercicio19.csproj", "{1EEE6F9E-3D6B-4434-B897-D8D85C297C73}"
EndProject
Project("{9A19103F-16F7-4668-BE54-9A1E7A4F7556}") = "ListaExercicios1.Exercicio20", "ListaExercicios1.Exercicio20\ListaExercicios1.Exercicio20.csproj", "{88AE3BAA-5677-4B49-B1D2-8CA9A7A5C0BA}"
EndProject
Project("{9A19103F-16F7-4668-BE54-9A1E7A4F7556}") = "ListaExercicios1.Exercicio21", "ListaExercicios1.Exercicio21\ListaExercicios1.Exercicio21.csproj", "{BC349881-08CA-4BE3-8348-B9F9A73C39C9}"
EndProject
Project("{9A19103F-16F7-4668-BE54-9A1E7A4F7556}") = "ListaExercicios1.Exercicio23", "ListaExercicios1.Exercicio23\ListaExercicios1.Exercicio23.csproj", "{C6203AF0-4BE0-40CE-B47D-004A30C5933E}"
EndProject
Project("{9A19103F-16F7-4668-BE54-9A1E7A4F7556}") = "ListaExercicios1.Exercicio24", "ListaExercicios1.Exercicio24\ListaExercicios1.Exercicio24.csproj", "{047F7F67-87D8-4DE8-BD4D-791824D6855C}"
EndProject
Project("{9A19103F-16F7-4668-BE54-9A1E7A4F7556}") = "ListaExercicios1.Exercicio25", "ListaExercicios1.Exercicio25\ListaExercicios1.Exercicio25.csproj", "{DA19CB78-66B9-4B6E-B195-0478E887E1FF}"
EndProject
Project("{9A19103F-16F7-4668-BE54-9A1E7A4F7556}") = "ListaExercicios1.Exercicio26", "ListaExercicios1.Exercicio26\ListaExercicios1.Exercicio26.csproj", "{6A26B4E1-5300-487B-9AC8-83A5AE491B56}"
EndProject
Project("{9A19103F-16F7-4668-BE54-9A1E7A4F7556}") = "ListaExercicios1.Exercicio27", "ListaExercicios1.Exercicio27\ListaExercicios1.Exercicio27.csproj", "{9788DE1F-2AB7-44F3-9BEC-3B8EBFE937C2}"
EndProject
Project("{9A19103F-16F7-4668-BE54-9A1E7A4F7556}") = "ListaExercicios1.Exercicio28", "ListaExercicios1.Exercicio28\ListaExercicios1.Exercicio28.csproj", "{A408B037-39A3-42F1-BB5E-8D54BEFC6AD1}"
EndProject
Project("{9A19103F-16F7-4668-BE54-9A1E7A4F7556}") = "ListaExercicios1.Exercicio29", "ListaExercicios1.Exercicio29\ListaExercicios1.Exercicio29.csproj", "{9A9324EF-2CC0-43E0-80FE-D86DB015ACCF}"
EndProject
Project("{FAE04EC0-301F-11D3-BF4B-00C04F79EFBC}") = "ListaExercicios1.Exercicio14", "ListaExercicios1.Exercicio14\ListaExercicios1.Exercicio14.csproj", "{C5AEFE44-092F-4B00-B8F7-C4A3F4C5308A}"
EndProject
Global
	GlobalSection(SolutionConfigurationPlatforms) = preSolution
		Debug|Any CPU = Debug|Any CPU
		Release|Any CPU = Release|Any CPU
	EndGlobalSection
	GlobalSection(ProjectConfigurationPlatforms) = postSolution
		{04B16DFA-7F7A-4DAD-B0D8-F88E6DF612C8}.Debug|Any CPU.ActiveCfg = Debug|Any CPU
		{04B16DFA-7F7A-4DAD-B0D8-F88E6DF612C8}.Debug|Any CPU.Build.0 = Debug|Any CPU
		{04B16DFA-7F7A-4DAD-B0D8-F88E6DF612C8}.Release|Any CPU.ActiveCfg = Release|Any CPU
		{04B16DFA-7F7A-4DAD-B0D8-F88E6DF612C8}.Release|Any CPU.Build.0 = Release|Any CPU
		{CAA9055C-452A-4F35-B4BB-A2D18FAD4214}.Debug|Any CPU.ActiveCfg = Debug|Any CPU
		{CAA9055C-452A-4F35-B4BB-A2D18FAD4214}.Debug|Any CPU.Build.0 = Debug|Any CPU
		{CAA9055C-452A-4F35-B4BB-A2D18FAD4214}.Release|Any CPU.ActiveCfg = Release|Any CPU
		{CAA9055C-452A-4F35-B4BB-A2D18FAD4214}.Release|Any CPU.Build.0 = Release|Any CPU
		{82AEC2C3-5A75-47FB-8716-677E525A0187}.Debug|Any CPU.ActiveCfg = Debug|Any CPU
		{82AEC2C3-5A75-47FB-8716-677E525A0187}.Debug|Any CPU.Build.0 = Debug|Any CPU
		{82AEC2C3-5A75-47FB-8716-677E525A0187}.Release|Any CPU.ActiveCfg = Release|Any CPU
		{82AEC2C3-5A75-47FB-8716-677E525A0187}.Release|Any CPU.Build.0 = Release|Any CPU
		{568165D1-A157-4038-B55E-1B4F7C068DA2}.Debug|Any CPU.ActiveCfg = Debug|Any CPU
		{568165D1-A157-4038-B55E-1B4F7C068DA2}.Debug|Any CPU.Build.0 = Debug|Any CPU
		{568165D1-A157-4038-B55E-1B4F7C068DA2}.Release|Any CPU.ActiveCfg = Release|Any CPU
		{568165D1-A157-4038-B55E-1B4F7C068DA2}.Release|Any CPU.Build.0 = Release|Any CPU
		{DB316168-AE75-4225-96A7-A4D5F87DC6E4}.Debug|Any CPU.ActiveCfg = Debug|Any CPU
		{DB316168-AE75-4225-96A7-A4D5F87DC6E4}.Debug|Any CPU.Build.0 = Debug|Any CPU
		{DB316168-AE75-4225-96A7-A4D5F87DC6E4}.Release|Any CPU.ActiveCfg = Release|Any CPU
		{DB316168-AE75-4225-96A7-A4D5F87DC6E4}.Release|Any CPU.Build.0 = Release|Any CPU
		{7A5F2F21-C831-411C-90A4-EFBEA0010169}.Debug|Any CPU.ActiveCfg = Debug|Any CPU
		{7A5F2F21-C831-411C-90A4-EFBEA0010169}.Debug|Any CPU.Build.0 = Debug|Any CPU
		{7A5F2F21-C831-411C-90A4-EFBEA0010169}.Release|Any CPU.ActiveCfg = Release|Any CPU
		{7A5F2F21-C831-411C-90A4-EFBEA0010169}.Release|Any CPU.Build.0 = Release|Any CPU
		{EF9C0183-4B0D-4DBF-B155-7C75FF678679}.Debug|Any CPU.ActiveCfg = Debug|Any CPU
		{EF9C0183-4B0D-4DBF-B155-7C75FF678679}.Debug|Any CPU.Build.0 = Debug|Any CPU
		{EF9C0183-4B0D-4DBF-B155-7C75FF678679}.Release|Any CPU.ActiveCfg = Release|Any CPU
		{EF9C0183-4B0D-4DBF-B155-7C75FF678679}.Release|Any CPU.Build.0 = Release|Any CPU
		{B6ADDF92-5729-4F20-AAD5-58CBB3490BDD}.Debug|Any CPU.ActiveCfg = Debug|Any CPU
		{B6ADDF92-5729-4F20-AAD5-58CBB3490BDD}.Debug|Any CPU.Build.0 = Debug|Any CPU
		{B6ADDF92-5729-4F20-AAD5-58CBB3490BDD}.Release|Any CPU.ActiveCfg = Release|Any CPU
		{B6ADDF92-5729-4F20-AAD5-58CBB3490BDD}.Release|Any CPU.Build.0 = Release|Any CPU
		{F5CDB1EA-6629-40D2-ACDA-EAE9C9C5CBE1}.Debug|Any CPU.ActiveCfg = Debug|Any CPU
		{F5CDB1EA-6629-40D2-ACDA-EAE9C9C5CBE1}.Debug|Any CPU.Build.0 = Debug|Any CPU
		{F5CDB1EA-6629-40D2-ACDA-EAE9C9C5CBE1}.Release|Any CPU.ActiveCfg = Release|Any CPU
		{F5CDB1EA-6629-40D2-ACDA-EAE9C9C5CBE1}.Release|Any CPU.Build.0 = Release|Any CPU
		{8BBD939F-4E23-4201-AA55-9C6B167FA6CE}.Debug|Any CPU.ActiveCfg = Debug|Any CPU
		{8BBD939F-4E23-4201-AA55-9C6B167FA6CE}.Debug|Any CPU.Build.0 = Debug|Any CPU
		{8BBD939F-4E23-4201-AA55-9C6B167FA6CE}.Release|Any CPU.ActiveCfg = Release|Any CPU
		{8BBD939F-4E23-4201-AA55-9C6B167FA6CE}.Release|Any CPU.Build.0 = Release|Any CPU
		{D77DCEDE-453E-432E-8472-70FF88311F00}.Debug|Any CPU.ActiveCfg = Debug|Any CPU
		{D77DCEDE-453E-432E-8472-70FF88311F00}.Debug|Any CPU.Build.0 = Debug|Any CPU
		{D77DCEDE-453E-432E-8472-70FF88311F00}.Release|Any CPU.ActiveCfg = Release|Any CPU
		{D77DCEDE-453E-432E-8472-70FF88311F00}.Release|Any CPU.Build.0 = Release|Any CPU
		{6339A5B8-D9BA-4F4A-A95A-2AE51B9F501B}.Debug|Any CPU.ActiveCfg = Debug|Any CPU
		{6339A5B8-D9BA-4F4A-A95A-2AE51B9F501B}.Debug|Any CPU.Build.0 = Debug|Any CPU
		{6339A5B8-D9BA-4F4A-A95A-2AE51B9F501B}.Release|Any CPU.ActiveCfg = Release|Any CPU
		{6339A5B8-D9BA-4F4A-A95A-2AE51B9F501B}.Release|Any CPU.Build.0 = Release|Any CPU
		{DC428D47-E424-4423-99BC-707D79404F20}.Debug|Any CPU.ActiveCfg = Debug|Any CPU
		{DC428D47-E424-4423-99BC-707D79404F20}.Debug|Any CPU.Build.0 = Debug|Any CPU
		{DC428D47-E424-4423-99BC-707D79404F20}.Release|Any CPU.ActiveCfg = Release|Any CPU
		{DC428D47-E424-4423-99BC-707D79404F20}.Release|Any CPU.Build.0 = Release|Any CPU
		{A97DE60D-AE98-4A3E-91F0-F7BDAD0691E0}.Debug|Any CPU.ActiveCfg = Debug|Any CPU
		{A97DE60D-AE98-4A3E-91F0-F7BDAD0691E0}.Debug|Any CPU.Build.0 = Debug|Any CPU
		{A97DE60D-AE98-4A3E-91F0-F7BDAD0691E0}.Release|Any CPU.ActiveCfg = Release|Any CPU
		{A97DE60D-AE98-4A3E-91F0-F7BDAD0691E0}.Release|Any CPU.Build.0 = Release|Any CPU
		{6F35A024-3CAB-4467-8C7E-E4724DCB89C1}.Debug|Any CPU.ActiveCfg = Debug|Any CPU
		{6F35A024-3CAB-4467-8C7E-E4724DCB89C1}.Debug|Any CPU.Build.0 = Debug|Any CPU
		{6F35A024-3CAB-4467-8C7E-E4724DCB89C1}.Release|Any CPU.ActiveCfg = Release|Any CPU
		{6F35A024-3CAB-4467-8C7E-E4724DCB89C1}.Release|Any CPU.Build.0 = Release|Any CPU
		{42DFECEA-3CFE-4D97-A565-7DD18FD4DA79}.Debug|Any CPU.ActiveCfg = Debug|Any CPU
		{42DFECEA-3CFE-4D97-A565-7DD18FD4DA79}.Debug|Any CPU.Build.0 = Debug|Any CPU
		{42DFECEA-3CFE-4D97-A565-7DD18FD4DA79}.Release|Any CPU.ActiveCfg = Release|Any CPU
		{42DFECEA-3CFE-4D97-A565-7DD18FD4DA79}.Release|Any CPU.Build.0 = Release|Any CPU
		{CF6FBBD3-1F85-4D08-974C-C6F120AF1647}.Debug|Any CPU.ActiveCfg = Debug|Any CPU
		{CF6FBBD3-1F85-4D08-974C-C6F120AF1647}.Debug|Any CPU.Build.0 = Debug|Any CPU
		{CF6FBBD3-1F85-4D08-974C-C6F120AF1647}.Release|Any CPU.ActiveCfg = Release|Any CPU
		{CF6FBBD3-1F85-4D08-974C-C6F120AF1647}.Release|Any CPU.Build.0 = Release|Any CPU
		{FCE79037-11F5-4F94-8A22-72A7B4A66578}.Debug|Any CPU.ActiveCfg = Debug|Any CPU
		{FCE79037-11F5-4F94-8A22-72A7B4A66578}.Debug|Any CPU.Build.0 = Debug|Any CPU
		{FCE79037-11F5-4F94-8A22-72A7B4A66578}.Release|Any CPU.ActiveCfg = Release|Any CPU
		{FCE79037-11F5-4F94-8A22-72A7B4A66578}.Release|Any CPU.Build.0 = Release|Any CPU
		{1EEE6F9E-3D6B-4434-B897-D8D85C297C73}.Debug|Any CPU.ActiveCfg = Debug|Any CPU
		{1EEE6F9E-3D6B-4434-B897-D8D85C297C73}.Debug|Any CPU.Build.0 = Debug|Any CPU
		{1EEE6F9E-3D6B-4434-B897-D8D85C297C73}.Release|Any CPU.ActiveCfg = Release|Any CPU
		{1EEE6F9E-3D6B-4434-B897-D8D85C297C73}.Release|Any CPU.Build.0 = Release|Any CPU
		{88AE3BAA-5677-4B49-B1D2-8CA9A7A5C0BA}.Debug|Any CPU.ActiveCfg = Debug|Any CPU
		{88AE3BAA-5677-4B49-B1D2-8CA9A7A5C0BA}.Debug|Any CPU.Build.0 = Debug|Any CPU
		{88AE3BAA-5677-4B49-B1D2-8CA9A7A5C0BA}.Release|Any CPU.ActiveCfg = Release|Any CPU
		{88AE3BAA-5677-4B49-B1D2-8CA9A7A5C0BA}.Release|Any CPU.Build.0 = Release|Any CPU
		{BC349881-08CA-4BE3-8348-B9F9A73C39C9}.Debug|Any CPU.ActiveCfg = Debug|Any CPU
		{BC349881-08CA-4BE3-8348-B9F9A73C39C9}.Debug|Any CPU.Build.0 = Debug|Any CPU
		{BC349881-08CA-4BE3-8348-B9F9A73C39C9}.Release|Any CPU.ActiveCfg = Release|Any CPU
		{BC349881-08CA-4BE3-8348-B9F9A73C39C9}.Release|Any CPU.Build.0 = Release|Any CPU
		{C6203AF0-4BE0-40CE-B47D-004A30C5933E}.Debug|Any CPU.ActiveCfg = Debug|Any CPU
		{C6203AF0-4BE0-40CE-B47D-004A30C5933E}.Debug|Any CPU.Build.0 = Debug|Any CPU
		{C6203AF0-4BE0-40CE-B47D-004A30C5933E}.Release|Any CPU.ActiveCfg = Release|Any CPU
		{C6203AF0-4BE0-40CE-B47D-004A30C5933E}.Release|Any CPU.Build.0 = Release|Any CPU
		{047F7F67-87D8-4DE8-BD4D-791824D6855C}.Debug|Any CPU.ActiveCfg = Debug|Any CPU
		{047F7F67-87D8-4DE8-BD4D-791824D6855C}.Debug|Any CPU.Build.0 = Debug|Any CPU
		{047F7F67-87D8-4DE8-BD4D-791824D6855C}.Release|Any CPU.ActiveCfg = Release|Any CPU
		{047F7F67-87D8-4DE8-BD4D-791824D6855C}.Release|Any CPU.Build.0 = Release|Any CPU
		{DA19CB78-66B9-4B6E-B195-0478E887E1FF}.Debug|Any CPU.ActiveCfg = Debug|Any CPU
		{DA19CB78-66B9-4B6E-B195-0478E887E1FF}.Debug|Any CPU.Build.0 = Debug|Any CPU
		{DA19CB78-66B9-4B6E-B195-0478E887E1FF}.Release|Any CPU.ActiveCfg = Release|Any CPU
		{DA19CB78-66B9-4B6E-B195-0478E887E1FF}.Release|Any CPU.Build.0 = Release|Any CPU
		{6A26B4E1-5300-487B-9AC8-83A5AE491B56}.Debug|Any CPU.ActiveCfg = Debug|Any CPU
		{6A26B4E1-5300-487B-9AC8-83A5AE491B56}.Debug|Any CPU.Build.0 = Debug|Any CPU
		{6A26B4E1-5300-487B-9AC8-83A5AE491B56}.Release|Any CPU.ActiveCfg = Release|Any CPU
		{6A26B4E1-5300-487B-9AC8-83A5AE491B56}.Release|Any CPU.Build.0 = Release|Any CPU
		{9788DE1F-2AB7-44F3-9BEC-3B8EBFE937C2}.Debug|Any CPU.ActiveCfg = Debug|Any CPU
		{9788DE1F-2AB7-44F3-9BEC-3B8EBFE937C2}.Debug|Any CPU.Build.0 = Debug|Any CPU
		{9788DE1F-2AB7-44F3-9BEC-3B8EBFE937C2}.Release|Any CPU.ActiveCfg = Release|Any CPU
		{9788DE1F-2AB7-44F3-9BEC-3B8EBFE937C2}.Release|Any CPU.Build.0 = Release|Any CPU
		{A408B037-39A3-42F1-BB5E-8D54BEFC6AD1}.Debug|Any CPU.ActiveCfg = Debug|Any CPU
		{A408B037-39A3-42F1-BB5E-8D54BEFC6AD1}.Debug|Any CPU.Build.0 = Debug|Any CPU
		{A408B037-39A3-42F1-BB5E-8D54BEFC6AD1}.Release|Any CPU.ActiveCfg = Release|Any CPU
		{A408B037-39A3-42F1-BB5E-8D54BEFC6AD1}.Release|Any CPU.Build.0 = Release|Any CPU
		{9A9324EF-2CC0-43E0-80FE-D86DB015ACCF}.Debug|Any CPU.ActiveCfg = Debug|Any CPU
		{9A9324EF-2CC0-43E0-80FE-D86DB015ACCF}.Debug|Any CPU.Build.0 = Debug|Any CPU
		{9A9324EF-2CC0-43E0-80FE-D86DB015ACCF}.Release|Any CPU.ActiveCfg = Release|Any CPU
		{9A9324EF-2CC0-43E0-80FE-D86DB015ACCF}.Release|Any CPU.Build.0 = Release|Any CPU
		{C5AEFE44-092F-4B00-B8F7-C4A3F4C5308A}.Debug|Any CPU.ActiveCfg = Debug|Any CPU
		{C5AEFE44-092F-4B00-B8F7-C4A3F4C5308A}.Debug|Any CPU.Build.0 = Debug|Any CPU
		{C5AEFE44-092F-4B00-B8F7-C4A3F4C5308A}.Release|Any CPU.ActiveCfg = Release|Any CPU
		{C5AEFE44-092F-4B00-B8F7-C4A3F4C5308A}.Release|Any CPU.Build.0 = Release|Any CPU
	EndGlobalSection
	GlobalSection(SolutionProperties) = preSolution
		HideSolutionNode = FALSE
	EndGlobalSection
	GlobalSection(ExtensibilityGlobals) = postSolution
		SolutionGuid = {089FAAFB-B628-46DB-B632-ADECE5EF8F27}
	EndGlobalSection
EndGlobal
